{
  "name": "transformd-demo-connector",
  "version": "0.0.2",
  "lockfileVersion": 3,
  "requires": true,
  "packages": {
    "": {
      "name": "transformd-demo-connector",
      "version": "0.0.2",
      "license": "MIT",
      "dependencies": {
        "@quadient/evolve-data-transformations": "^0.0.10"
      },
      "devDependencies": {
        "@quadient/evolve-scripting-api": "^0.0.39",
        "typescript": "^4.9.5"
      }
    },
    "node_modules/@quadient/evolve-data-transformations": {
      "version": "0.0.10",
      "resolved": "https://registry.npmjs.org/@quadient/evolve-data-transformations/-/evolve-data-transformations-0.0.10.tgz",
      "integrity": "sha512-8VHnrYw2Q1X/PnLji6YteghRq2gYBGhEBSG6j8NmPMI92Gpu50YP5AYm20dcXBjapHB7vB2Os2buJDUNCVrnyA=="
    },
    "node_modules/@quadient/evolve-scripting-api": {
      "version": "0.0.39",
      "resolved": "https://registry.npmjs.org/@quadient/evolve-scripting-api/-/evolve-scripting-api-0.0.39.tgz",
      "integrity": "sha512-aBSvlyhd+AayTXwY+AYJC4gareDMG73GQD8tsLJcZ3zLjJtbDGrAn/Ga1KYmhvIIGnGWEUbY2NwxUH9ieI9kEg==",
      "dev": true
    },
    "node_modules/typescript": {
      "version": "4.9.5",
      "resolved": "https://registry.npmjs.org/typescript/-/typescript-4.9.5.tgz",
      "integrity": "sha512-1FXk9E2Hm+QzZQ7z+McJiHL4NW1F2EzMu9Nq9i3zAaGqibafqYwCVU6WyWAuyQRRzOlxou8xZSyXLEN8oKj24g==",
      "dev": true,
      "bin": {
        "tsc": "bin/tsc",
        "tsserver": "bin/tsserver"
      },
      "engines": {
        "node": ">=4.2.0"
      }
    }
  }
}
